
Microsoft Visual Studio Solution File, Format Version 12.00
# Visual Studio Version 17
VisualStudioVersion = 17.2.32630.192
MinimumVisualStudioVersion = 10.0.40219.1
Project("{9A19103F-16F7-4668-BE54-9A1E7A4F7556}") = "ClipDownloadDiscordBot", "ClipDiscordBot\ClipDownloadDiscordBot.csproj", "{8603B14E-0740-45BF-80F3-FB1EA12BE404}"
EndProject
Global
	GlobalSection(SolutionConfigurationPlatforms) = preSolution
		Debug|Any CPU = Debug|Any CPU
		Release|Any CPU = Release|Any CPU
	EndGlobalSection
	GlobalSection(ProjectConfigurationPlatforms) = postSolution
		{8603B14E-0740-45BF-80F3-FB1EA12BE404}.Debug|Any CPU.ActiveCfg = Debug|Any CPU
		{8603B14E-0740-45BF-80F3-FB1EA12BE404}.Debug|Any CPU.Build.0 = Debug|Any CPU
		{8603B14E-0740-45BF-80F3-FB1EA12BE404}.Release|Any CPU.ActiveCfg = Release|Any CPU
		{8603B14E-0740-45BF-80F3-FB1EA12BE404}.Release|Any CPU.Build.0 = Release|Any CPU
	EndGlobalSection
	GlobalSection(SolutionProperties) = preSolution
		HideSolutionNode = FALSE
	EndGlobalSection
	GlobalSection(ExtensibilityGlobals) = postSolution
		SolutionGuid = {DB5A8EB2-87D9-4AAF-81B6-D438F6BAEAA1}
	EndGlobalSection
EndGlobal
